
Microsoft Visual Studio Solution File, Format Version 12.00
# Visual Studio 14
VisualStudioVersion = 14.0.25420.1
MinimumVisualStudioVersion = 10.0.40219.1
Project("{FAE04EC0-301F-11D3-BF4B-00C04F79EFBC}") = "GrpcClient", "GrpcClient\GrpcClient.csproj", "{5D9ED5C9-355E-4684-8065-7CFDD23463D5}"
EndProject
Project("{FAE04EC0-301F-11D3-BF4B-00C04F79EFBC}") = "GrpcServer", "GrpcServer\GrpcServer.csproj", "{E37A34DD-C514-4796-8F93-FCFD845E481C}"
EndProject
Project("{FAE04EC0-301F-11D3-BF4B-00C04F79EFBC}") = "GrpcContracts", "GrpcContracts\GrpcContracts.csproj", "{477B80C2-5696-4EFD-93EE-71AB1804F688}"
EndProject
Project("{8BB2217D-0F2D-49D1-97BC-3654ED321F3B}") = "GrpcContracts.DotNetCore", "GrpcContracts.DotNetCore\GrpcContracts.DotNetCore.xproj", "{7B122499-AB36-466A-AFEC-C85D1F49796F}"
EndProject
Project("{8BB2217D-0F2D-49D1-97BC-3654ED321F3B}") = "GrpcServer.DotNetCore", "GrpcServer.DotNetCore\GrpcServer.DotNetCore.xproj", "{C95C207A-9D2D-4157-A3B1-20CC374414DC}"
EndProject
Project("{8BB2217D-0F2D-49D1-97BC-3654ED321F3B}") = "GrpcClient.DotNetCore", "GrpcClient.DotNetCore\GrpcClient.DotNetCore.xproj", "{2DA97209-73D4-4A3B-B166-E052EF3683C3}"
EndProject
Global
	GlobalSection(SolutionConfigurationPlatforms) = preSolution
		Debug|Any CPU = Debug|Any CPU
		Release|Any CPU = Release|Any CPU
	EndGlobalSection
	GlobalSection(ProjectConfigurationPlatforms) = postSolution
		{5D9ED5C9-355E-4684-8065-7CFDD23463D5}.Debug|Any CPU.ActiveCfg = Debug|Any CPU
		{5D9ED5C9-355E-4684-8065-7CFDD23463D5}.Debug|Any CPU.Build.0 = Debug|Any CPU
		{5D9ED5C9-355E-4684-8065-7CFDD23463D5}.Release|Any CPU.ActiveCfg = Release|Any CPU
		{5D9ED5C9-355E-4684-8065-7CFDD23463D5}.Release|Any CPU.Build.0 = Release|Any CPU
		{E37A34DD-C514-4796-8F93-FCFD845E481C}.Debug|Any CPU.ActiveCfg = Debug|Any CPU
		{E37A34DD-C514-4796-8F93-FCFD845E481C}.Debug|Any CPU.Build.0 = Debug|Any CPU
		{E37A34DD-C514-4796-8F93-FCFD845E481C}.Release|Any CPU.ActiveCfg = Release|Any CPU
		{E37A34DD-C514-4796-8F93-FCFD845E481C}.Release|Any CPU.Build.0 = Release|Any CPU
		{477B80C2-5696-4EFD-93EE-71AB1804F688}.Debug|Any CPU.ActiveCfg = Debug|Any CPU
		{477B80C2-5696-4EFD-93EE-71AB1804F688}.Debug|Any CPU.Build.0 = Debug|Any CPU
		{477B80C2-5696-4EFD-93EE-71AB1804F688}.Release|Any CPU.ActiveCfg = Release|Any CPU
		{477B80C2-5696-4EFD-93EE-71AB1804F688}.Release|Any CPU.Build.0 = Release|Any CPU
		{7B122499-AB36-466A-AFEC-C85D1F49796F}.Debug|Any CPU.ActiveCfg = Debug|Any CPU
		{7B122499-AB36-466A-AFEC-C85D1F49796F}.Debug|Any CPU.Build.0 = Debug|Any CPU
		{7B122499-AB36-466A-AFEC-C85D1F49796F}.Release|Any CPU.ActiveCfg = Release|Any CPU
		{7B122499-AB36-466A-AFEC-C85D1F49796F}.Release|Any CPU.Build.0 = Release|Any CPU
		{C95C207A-9D2D-4157-A3B1-20CC374414DC}.Debug|Any CPU.ActiveCfg = Debug|Any CPU
		{C95C207A-9D2D-4157-A3B1-20CC374414DC}.Debug|Any CPU.Build.0 = Debug|Any CPU
		{C95C207A-9D2D-4157-A3B1-20CC374414DC}.Release|Any CPU.ActiveCfg = Release|Any CPU
		{C95C207A-9D2D-4157-A3B1-20CC374414DC}.Release|Any CPU.Build.0 = Release|Any CPU
		{2DA97209-73D4-4A3B-B166-E052EF3683C3}.Debug|Any CPU.ActiveCfg = Debug|Any CPU
		{2DA97209-73D4-4A3B-B166-E052EF3683C3}.Debug|Any CPU.Build.0 = Debug|Any CPU
		{2DA97209-73D4-4A3B-B166-E052EF3683C3}.Release|Any CPU.ActiveCfg = Release|Any CPU
		{2DA97209-73D4-4A3B-B166-E052EF3683C3}.Release|Any CPU.Build.0 = Release|Any CPU
	EndGlobalSection
	GlobalSection(SolutionProperties) = preSolution
		HideSolutionNode = FALSE
	EndGlobalSection
EndGlobal
